// !$*UTF8*$!
{
	archiveVersion = 1;
	classes = {
	};
	objectVersion = 50;
	objects = {

/* Begin PBXBuildFile section */
		E1077A1320AB24E700FFE387 /* AppDelegate.swift in Sources */ = {isa = PBXBuildFile; fileRef = E1077A1220AB24E700FFE387 /* AppDelegate.swift */; };
		E1077A1520AB24E700FFE387 /* ViewController.swift in Sources */ = {isa = PBXBuildFile; fileRef = E1077A1420AB24E700FFE387 /* ViewController.swift */; };
		E1077A1820AB24E700FFE387 /* Main.storyboard in Resources */ = {isa = PBXBuildFile; fileRef = E1077A1620AB24E700FFE387 /* Main.storyboard */; };
		E1077A1A20AB24E900FFE387 /* Assets.xcassets in Resources */ = {isa = PBXBuildFile; fileRef = E1077A1920AB24E900FFE387 /* Assets.xcassets */; };
		E1077A1D20AB24E900FFE387 /* LaunchScreen.storyboard in Resources */ = {isa = PBXBuildFile; fileRef = E1077A1B20AB24E900FFE387 /* LaunchScreen.storyboard */; };
		E1077A2820AB24E900FFE387 /* StringFunctionsTests.swift in Sources */ = {isa = PBXBuildFile; fileRef = E1077A2720AB24E900FFE387 /* StringFunctionsTests.swift */; };
		E1077A3320AB24E900FFE387 /* StringFunctionsUITests.swift in Sources */ = {isa = PBXBuildFile; fileRef = E1077A3220AB24E900FFE387 /* StringFunctionsUITests.swift */; };
/* End PBXBuildFile section */

/* Begin PBXContainerItemProxy section */
		E1077A2420AB24E900FFE387 /* PBXContainerItemProxy */ = {
			isa = PBXContainerItemProxy;
			containerPortal = E1077A0720AB24E700FFE387 /* Project object */;
			proxyType = 1;
			remoteGlobalIDString = E1077A0E20AB24E700FFE387;
			remoteInfo = StringFunctions;
		};
		E1077A2F20AB24E900FFE387 /* PBXContainerItemProxy */ = {
			isa = PBXContainerItemProxy;
			containerPortal = E1077A0720AB24E700FFE387 /* Project object */;
			proxyType = 1;
			remoteGlobalIDString = E1077A0E20AB24E700FFE387;
			remoteInfo = StringFunctions;
		};
/* End PBXContainerItemProxy section */

/* Begin PBXFileReference section */
		E1077A0F20AB24E700FFE387 /* StringFunctions.app */ = {isa = PBXFileReference; explicitFileType = wrapper.application; includeInIndex = 0; path = StringFunctions.app; sourceTree = BUILT_PRODUCTS_DIR; };
		E1077A1220AB24E700FFE387 /* AppDelegate.swift */ = {isa = PBXFileReference; lastKnownFileType = sourcecode.swift; path = AppDelegate.swift; sourceTree = "<group>"; };
		E1077A1420AB24E700FFE387 /* ViewController.swift */ = {isa = PBXFileReference; lastKnownFileType = sourcecode.swift; path = ViewController.swift; sourceTree = "<group>"; };
		E1077A1720AB24E700FFE387 /* Base */ = {isa = PBXFileReference; lastKnownFileType = file.storyboard; name = Base; path = Base.lproj/Main.storyboard; sourceTree = "<group>"; };
		E1077A1920AB24E900FFE387 /* Assets.xcassets */ = {isa = PBXFileReference; lastKnownFileType = folder.assetcatalog; path = Assets.xcassets; sourceTree = "<group>"; };
		E1077A1C20AB24E900FFE387 /* Base */ = {isa = PBXFileReference; lastKnownFileType = file.storyboard; name = Base; path = Base.lproj/LaunchScreen.storyboard; sourceTree = "<group>"; };
		E1077A1E20AB24E900FFE387 /* Info.plist */ = {isa = PBXFileReference; lastKnownFileType = text.plist.xml; path = Info.plist; sourceTree = "<group>"; };
		E1077A2320AB24E900FFE387 /* StringFunctionsTests.xctest */ = {isa = PBXFileReference; explicitFileType = wrapper.cfbundle; includeInIndex = 0; path = StringFunctionsTests.xctest; sourceTree = BUILT_PRODUCTS_DIR; };
		E1077A2720AB24E900FFE387 /* StringFunctionsTests.swift */ = {isa = PBXFileReference; lastKnownFileType = sourcecode.swift; path = StringFunctionsTests.swift; sourceTree = "<group>"; };
		E1077A2920AB24E900FFE387 /* Info.plist */ = {isa = PBXFileReference; lastKnownFileType = text.plist.xml; path = Info.plist; sourceTree = "<group>"; };
		E1077A2E20AB24E900FFE387 /* StringFunctionsUITests.xctest */ = {isa = PBXFileReference; explicitFileType = wrapper.cfbundle; includeInIndex = 0; path = StringFunctionsUITests.xctest; sourceTree = BUILT_PRODUCTS_DIR; };
		E1077A3220AB24E900FFE387 /* StringFunctionsUITests.swift */ = {isa = PBXFileReference; lastKnownFileType = sourcecode.swift; path = StringFunctionsUITests.swift; sourceTree = "<group>"; };
		E1077A3420AB24E900FFE387 /* Info.plist */ = {isa = PBXFileReference; lastKnownFileType = text.plist.xml; path = Info.plist; sourceTree = "<group>"; };
/* End PBXFileReference section */

/* Begin PBXFrameworksBuildPhase section */
		E1077A0C20AB24E700FFE387 /* Frameworks */ = {
			isa = PBXFrameworksBuildPhase;
			buildActionMask = 2147483647;
			files = (
			);
			runOnlyForDeploymentPostprocessing = 0;
		};
		E1077A2020AB24E900FFE387 /* Frameworks */ = {
			isa = PBXFrameworksBuildPhase;
			buildActionMask = 2147483647;
			files = (
			);
			runOnlyForDeploymentPostprocessing = 0;
		};
		E1077A2B20AB24E900FFE387 /* Frameworks */ = {
			isa = PBXFrameworksBuildPhase;
			buildActionMask = 2147483647;
			files = (
			);
			runOnlyForDeploymentPostprocessing = 0;
		};
/* End PBXFrameworksBuildPhase section */

/* Begin PBXGroup section */
		E1077A0620AB24E700FFE387 = {
			isa = PBXGroup;
			children = (
				E1077A1120AB24E700FFE387 /* StringFunctions */,
				E1077A2620AB24E900FFE387 /* StringFunctionsTests */,
				E1077A3120AB24E900FFE387 /* StringFunctionsUITests */,
				E1077A1020AB24E700FFE387 /* Products */,
			);
			sourceTree = "<group>";
		};
		E1077A1020AB24E700FFE387 /* Products */ = {
			isa = PBXGroup;
			children = (
				E1077A0F20AB24E700FFE387 /* StringFunctions.app */,
				E1077A2320AB24E900FFE387 /* StringFunctionsTests.xctest */,
				E1077A2E20AB24E900FFE387 /* StringFunctionsUITests.xctest */,
			);
			name = Products;
			sourceTree = "<group>";
		};
		E1077A1120AB24E700FFE387 /* StringFunctions */ = {
			isa = PBXGroup;
			children = (
				E1077A1220AB24E700FFE387 /* AppDelegate.swift */,
				E1077A1420AB24E700FFE387 /* ViewController.swift */,
				E1077A1620AB24E700FFE387 /* Main.storyboard */,
				E1077A1920AB24E900FFE387 /* Assets.xcassets */,
				E1077A1B20AB24E900FFE387 /* LaunchScreen.storyboard */,
				E1077A1E20AB24E900FFE387 /* Info.plist */,
			);
			path = StringFunctions;
			sourceTree = "<group>";
		};
		E1077A2620AB24E900FFE387 /* StringFunctionsTests */ = {
			isa = PBXGroup;
			children = (
				E1077A2720AB24E900FFE387 /* StringFunctionsTests.swift */,
				E1077A2920AB24E900FFE387 /* Info.plist */,
			);
			path = StringFunctionsTests;
			sourceTree = "<group>";
		};
		E1077A3120AB24E900FFE387 /* StringFunctionsUITests */ = {
			isa = PBXGroup;
			children = (
				E1077A3220AB24E900FFE387 /* StringFunctionsUITests.swift */,
				E1077A3420AB24E900FFE387 /* Info.plist */,
			);
			path = StringFunctionsUITests;
			sourceTree = "<group>";
		};
/* End PBXGroup section */

/* Begin PBXNativeTarget section */
		E1077A0E20AB24E700FFE387 /* StringFunctions */ = {
			isa = PBXNativeTarget;
			buildConfigurationList = E1077A3720AB24E900FFE387 /* Build configuration list for PBXNativeTarget "StringFunctions" */;
			buildPhases = (
				E1077A0B20AB24E700FFE387 /* Sources */,
				E1077A0C20AB24E700FFE387 /* Frameworks */,
				E1077A0D20AB24E700FFE387 /* Resources */,
			);
			buildRules = (
			);
			dependencies = (
			);
			name = StringFunctions;
			productName = StringFunctions;
			productReference = E1077A0F20AB24E700FFE387 /* StringFunctions.app */;
			productType = "com.apple.product-type.application";
		};
		E1077A2220AB24E900FFE387 /* StringFunctionsTests */ = {
			isa = PBXNativeTarget;
			buildConfigurationList = E1077A3A20AB24E900FFE387 /* Build configuration list for PBXNativeTarget "StringFunctionsTests" */;
			buildPhases = (
				E1077A1F20AB24E900FFE387 /* Sources */,
				E1077A2020AB24E900FFE387 /* Frameworks */,
				E1077A2120AB24E900FFE387 /* Resources */,
			);
			buildRules = (
			);
			dependencies = (
				E1077A2520AB24E900FFE387 /* PBXTargetDependency */,
			);
			name = StringFunctionsTests;
			productName = StringFunctionsTests;
			productReference = E1077A2320AB24E900FFE387 /* StringFunctionsTests.xctest */;
			productType = "com.apple.product-type.bundle.unit-test";
		};
		E1077A2D20AB24E900FFE387 /* StringFunctionsUITests */ = {
			isa = PBXNativeTarget;
			buildConfigurationList = E1077A3D20AB24E900FFE387 /* Build configuration list for PBXNativeTarget "StringFunctionsUITests" */;
			buildPhases = (
				E1077A2A20AB24E900FFE387 /* Sources */,
				E1077A2B20AB24E900FFE387 /* Frameworks */,
				E1077A2C20AB24E900FFE387 /* Resources */,
			);
			buildRules = (
			);
			dependencies = (
				E1077A3020AB24E900FFE387 /* PBXTargetDependency */,
			);
			name = StringFunctionsUITests;
			productName = StringFunctionsUITests;
			productReference = E1077A2E20AB24E900FFE387 /* StringFunctionsUITests.xctest */;
			productType = "com.apple.product-type.bundle.ui-testing";
		};
/* End PBXNativeTarget section */

/* Begin PBXProject section */
		E1077A0720AB24E700FFE387 /* Project object */ = {
			isa = PBXProject;
			attributes = {
				LastSwiftUpdateCheck = 0930;
				LastUpgradeCheck = 0930;
				ORGANIZATIONNAME = "Amit Saxena";
				TargetAttributes = {
					E1077A0E20AB24E700FFE387 = {
						CreatedOnToolsVersion = 9.3;
					};
					E1077A2220AB24E900FFE387 = {
						CreatedOnToolsVersion = 9.3;
						TestTargetID = E1077A0E20AB24E700FFE387;
					};
					E1077A2D20AB24E900FFE387 = {
						CreatedOnToolsVersion = 9.3;
						TestTargetID = E1077A0E20AB24E700FFE387;
					};
				};
			};
			buildConfigurationList = E1077A0A20AB24E700FFE387 /* Build configuration list for PBXProject "StringFunctions" */;
			compatibilityVersion = "Xcode 9.3";
			developmentRegion = en;
			hasScannedForEncodings = 0;
			knownRegions = (
				en,
				Base,
			);
			mainGroup = E1077A0620AB24E700FFE387;
			productRefGroup = E1077A1020AB24E700FFE387 /* Products */;
			projectDirPath = "";
			projectRoot = "";
			targets = (
				E1077A0E20AB24E700FFE387 /* StringFunctions */,
				E1077A2220AB24E900FFE387 /* StringFunctionsTests */,
				E1077A2D20AB24E900FFE387 /* StringFunctionsUITests */,
			);
		};
/* End PBXProject section */

/* Begin PBXResourcesBuildPhase section */
		E1077A0D20AB24E700FFE387 /* Resources */ = {
			isa = PBXResourcesBuildPhase;
			buildActionMask = 2147483647;
			files = (
				E1077A1D20AB24E900FFE387 /* LaunchScreen.storyboard in Resources */,
				E1077A1A20AB24E900FFE387 /* Assets.xcassets in Resources */,
				E1077A1820AB24E700FFE387 /* Main.storyboard in Resources */,
			);
			runOnlyForDeploymentPostprocessing = 0;
		};
		E1077A2120AB24E900FFE387 /* Resources */ = {
			isa = PBXResourcesBuildPhase;
			buildActionMask = 2147483647;
			files = (
			);
			runOnlyForDeploymentPostprocessing = 0;
		};
		E1077A2C20AB24E900FFE387 /* Resources */ = {
			isa = PBXResourcesBuildPhase;
			buildActionMask = 2147483647;
			files = (
			);
			runOnlyForDeploymentPostprocessing = 0;
		};
/* End PBXResourcesBuildPhase section */

/* Begin PBXSourcesBuildPhase section */
		E1077A0B20AB24E700FFE387 /* Sources */ = {
			isa = PBXSourcesBuildPhase;
			buildActionMask = 2147483647;
			files = (
				E1077A1520AB24E700FFE387 /* ViewController.swift in Sources */,
				E1077A1320AB24E700FFE387 /* AppDelegate.swift in Sources */,
			);
			runOnlyForDeploymentPostprocessing = 0;
		};
		E1077A1F20AB24E900FFE387 /* Sources */ = {
			isa = PBXSourcesBuildPhase;
			buildActionMask = 2147483647;
			files = (
				E1077A2820AB24E900FFE387 /* StringFunctionsTests.swift in Sources */,
			);
			runOnlyForDeploymentPostprocessing = 0;
		};
		E1077A2A20AB24E900FFE387 /* Sources */ = {
			isa = PBXSourcesBuildPhase;
			buildActionMask = 2147483647;
			files = (
				E1077A3320AB24E900FFE387 /* StringFunctionsUITests.swift in Sources */,
			);
			runOnlyForDeploymentPostprocessing = 0;
		};
/* End PBXSourcesBuildPhase section */

/* Begin PBXTargetDependency section */
		E1077A2520AB24E900FFE387 /* PBXTargetDependency */ = {
			isa = PBXTargetDependency;
			target = E1077A0E20AB24E700FFE387 /* StringFunctions */;
			targetProxy = E1077A2420AB24E900FFE387 /* PBXContainerItemProxy */;
		};
		E1077A3020AB24E900FFE387 /* PBXTargetDependency */ = {
			isa = PBXTargetDependency;
			target = E1077A0E20AB24E700FFE387 /* StringFunctions */;
			targetProxy = E1077A2F20AB24E900FFE387 /* PBXContainerItemProxy */;
		};
/* End PBXTargetDependency section */

/* Begin PBXVariantGroup section */
		E1077A1620AB24E700FFE387 /* Main.storyboard */ = {
			isa = PBXVariantGroup;
			children = (
				E1077A1720AB24E700FFE387 /* Base */,
			);
			name = Main.storyboard;
			sourceTree = "<group>";
		};
		E1077A1B20AB24E900FFE387 /* LaunchScreen.storyboard */ = {
			isa = PBXVariantGroup;
			children = (
				E1077A1C20AB24E900FFE387 /* Base */,
			);
			name = LaunchScreen.storyboard;
			sourceTree = "<group>";
		};
/* End PBXVariantGroup section */

/* Begin XCBuildConfiguration section */
		E1077A3520AB24E900FFE387 /* Debug */ = {
			isa = XCBuildConfiguration;
			buildSettings = {
				ALWAYS_SEARCH_USER_PATHS = NO;
				CLANG_ANALYZER_NONNULL = YES;
				CLANG_ANALYZER_NUMBER_OBJECT_CONVERSION = YES_AGGRESSIVE;
				CLANG_CXX_LANGUAGE_STANDARD = "gnu++14";
				CLANG_CXX_LIBRARY = "libc++";
				CLANG_ENABLE_MODULES = YES;
				CLANG_ENABLE_OBJC_ARC = YES;
				CLANG_ENABLE_OBJC_WEAK = YES;
				CLANG_WARN_BLOCK_CAPTURE_AUTORELEASING = YES;
				CLANG_WARN_BOOL_CONVERSION = YES;
				CLANG_WARN_COMMA = YES;
				CLANG_WARN_CONSTANT_CONVERSION = YES;
				CLANG_WARN_DEPRECATED_OBJC_IMPLEMENTATIONS = YES;
				CLANG_WARN_DIRECT_OBJC_ISA_USAGE = YES_ERROR;
				CLANG_WARN_DOCUMENTATION_COMMENTS = YES;
				CLANG_WARN_EMPTY_BODY = YES;
				CLANG_WARN_ENUM_CONVERSION = YES;
				CLANG_WARN_INFINITE_RECURSION = YES;
				CLANG_WARN_INT_CONVERSION = YES;
				CLANG_WARN_NON_LITERAL_NULL_CONVERSION = YES;
				CLANG_WARN_OBJC_IMPLICIT_RETAIN_SELF = YES;
				CLANG_WARN_OBJC_LITERAL_CONVERSION = YES;
				CLANG_WARN_OBJC_ROOT_CLASS = YES_ERROR;
				CLANG_WARN_RANGE_LOOP_ANALYSIS = YES;
				CLANG_WARN_STRICT_PROTOTYPES = YES;
				CLANG_WARN_SUSPICIOUS_MOVE = YES;
				CLANG_WARN_UNGUARDED_AVAILABILITY = YES_AGGRESSIVE;
				CLANG_WARN_UNREACHABLE_CODE = YES;
				CLANG_WARN__DUPLICATE_METHOD_MATCH = YES;
				CODE_SIGN_IDENTITY = "iPhone Developer";
				COPY_PHASE_STRIP = NO;
				DEBUG_INFORMATION_FORMAT = dwarf;
				ENABLE_STRICT_OBJC_MSGSEND = YES;
				ENABLE_TESTABILITY = YES;
				GCC_C_LANGUAGE_STANDARD = gnu11;
				GCC_DYNAMIC_NO_PIC = NO;
				GCC_NO_COMMON_BLOCKS = YES;
				GCC_OPTIMIZATION_LEVEL = 0;
				GCC_PREPROCESSOR_DEFINITIONS = (
					"DEBUG=1",
					"$(inherited)",
				);
				GCC_WARN_64_TO_32_BIT_CONVERSION = YES;
				GCC_WARN_ABOUT_RETURN_TYPE = YES_ERROR;
				GCC_WARN_UNDECLARED_SELECTOR = YES;
				GCC_WARN_UNINITIALIZED_AUTOS = YES_AGGRESSIVE;
				GCC_WARN_UNUSED_FUNCTION = YES;
				GCC_WARN_UNUSED_VARIABLE = YES;
				IPHONEOS_DEPLOYMENT_TARGET = 11.3;
				MTL_ENABLE_DEBUG_INFO = YES;
				ONLY_ACTIVE_ARCH = YES;
				SDKROOT = iphoneos;
				SWIFT_ACTIVE_COMPILATION_CONDITIONS = DEBUG;
				SWIFT_OPTIMIZATION_LEVEL = "-Onone";
			};
			name = Debug;
		};
		E1077A3620AB24E900FFE387 /* Release */ = {
			isa = XCBuildConfiguration;
			buildSettings = {
				ALWAYS_SEARCH_USER_PATHS = NO;
				CLANG_ANALYZER_NONNULL = YES;
				CLANG_ANALYZER_NUMBER_OBJECT_CONVERSION = YES_AGGRESSIVE;
				CLANG_CXX_LANGUAGE_STANDARD = "gnu++14";
				CLANG_CXX_LIBRARY = "libc++";
				CLANG_ENABLE_MODULES = YES;
				CLANG_ENABLE_OBJC_ARC = YES;
				CLANG_ENABLE_OBJC_WEAK = YES;
				CLANG_WARN_BLOCK_CAPTURE_AUTORELEASING = YES;
				CLANG_WARN_BOOL_CONVERSION = YES;
				CLANG_WARN_COMMA = YES;
				CLANG_WARN_CONSTANT_CONVERSION = YES;
				CLANG_WARN_DEPRECATED_OBJC_IMPLEMENTATIONS = YES;
				CLANG_WARN_DIRECT_OBJC_ISA_USAGE = YES_ERROR;
				CLANG_WARN_DOCUMENTATION_COMMENTS = YES;
				CLANG_WARN_EMPTY_BODY = YES;
				CLANG_WARN_ENUM_CONVERSION = YES;
				CLANG_WARN_INFINITE_RECURSION = YES;
				CLANG_WARN_INT_CONVERSION = YES;
				CLANG_WARN_NON_LITERAL_NULL_CONVERSION = YES;
				CLANG_WARN_OBJC_IMPLICIT_RETAIN_SELF = YES;
				CLANG_WARN_OBJC_LITERAL_CONVERSION = YES;
				CLANG_WARN_OBJC_ROOT_CLASS = YES_ERROR;
				CLANG_WARN_RANGE_LOOP_ANALYSIS = YES;
				CLANG_WARN_STRICT_PROTOTYPES = YES;
				CLANG_WARN_SUSPICIOUS_MOVE = YES;
				CLANG_WARN_UNGUARDED_AVAILABILITY = YES_AGGRESSIVE;
				CLANG_WARN_UNREACHABLE_CODE = YES;
				CLANG_WARN__DUPLICATE_METHOD_MATCH = YES;
				CODE_SIGN_IDENTITY = "iPhone Developer";
				COPY_PHASE_STRIP = NO;
				DEBUG_INFORMATION_FORMAT = "dwarf-with-dsym";
				ENABLE_NS_ASSERTIONS = NO;
				ENABLE_STRICT_OBJC_MSGSEND = YES;
				GCC_C_LANGUAGE_STANDARD = gnu11;
				GCC_NO_COMMON_BLOCKS = YES;
				GCC_WARN_64_TO_32_BIT_CONVERSION = YES;
				GCC_WARN_ABOUT_RETURN_TYPE = YES_ERROR;
				GCC_WARN_UNDECLARED_SELECTOR = YES;
				GCC_WARN_UNINITIALIZED_AUTOS = YES_AGGRESSIVE;
				GCC_WARN_UNUSED_FUNCTION = YES;
				GCC_WARN_UNUSED_VARIABLE = YES;
				IPHONEOS_DEPLOYMENT_TARGET = 11.3;
				MTL_ENABLE_DEBUG_INFO = NO;
				SDKROOT = iphoneos;
				SWIFT_COMPILATION_MODE = wholemodule;
				SWIFT_OPTIMIZATION_LEVEL = "-O";
				VALIDATE_PRODUCT = YES;
			};
			name = Release;
		};
		E1077A3820AB24E900FFE387 /* Debug */ = {
			isa = XCBuildConfiguration;
			buildSettings = {
				ASSETCATALOG_COMPILER_APPICON_NAME = AppIcon;
				CODE_SIGN_STYLE = Automatic;
				INFOPLIST_FILE = StringFunctions/Info.plist;
				LD_RUNPATH_SEARCH_PATHS = (
					"$(inherited)",
					"@executable_path/Frameworks",
				);
				PRODUCT_BUNDLE_IDENTIFIER = Saxena.StringFunctions;
				PRODUCT_NAME = "$(TARGET_NAME)";
				SWIFT_VERSION = 4.0;
				TARGETED_DEVICE_FAMILY = "1,2";
			};
			name = Debug;
		};
		E1077A3920AB24E900FFE387 /* Release */ = {
			isa = XCBuildConfiguration;
			buildSettings = {
				ASSETCATALOG_COMPILER_APPICON_NAME = AppIcon;
				CODE_SIGN_STYLE = Automatic;
				INFOPLIST_FILE = StringFunctions/Info.plist;
				LD_RUNPATH_SEARCH_PATHS = (
					"$(inherited)",
					"@executable_path/Frameworks",
				);
				PRODUCT_BUNDLE_IDENTIFIER = Saxena.StringFunctions;
				PRODUCT_NAME = "$(TARGET_NAME)";
				SWIFT_VERSION = 4.0;
				TARGETED_DEVICE_FAMILY = "1,2";
			};
			name = Release;
		};
		E1077A3B20AB24E900FFE387 /* Debug */ = {
			isa = XCBuildConfiguration;
			buildSettings = {
				ALWAYS_EMBED_SWIFT_STANDARD_LIBRARIES = YES;
				BUNDLE_LOADER = "$(TEST_HOST)";
				CODE_SIGN_STYLE = Automatic;
				INFOPLIST_FILE = StringFunctionsTests/Info.plist;
				LD_RUNPATH_SEARCH_PATHS = (
					"$(inherited)",
					"@executable_path/Frameworks",
					"@loader_path/Frameworks",
				);
				PRODUCT_BUNDLE_IDENTIFIER = Saxena.StringFunctionsTests;
				PRODUCT_NAME = "$(TARGET_NAME)";
				SWIFT_VERSION = 4.0;
				TARGETED_DEVICE_FAMILY = "1,2";
				TEST_HOST = "$(BUILT_PRODUCTS_DIR)/StringFunctions.app/StringFunctions";
			};
			name = Debug;
		};
		E1077A3C20AB24E900FFE387 /* Release */ = {
			isa = XCBuildConfiguration;
			buildSettings = {
				ALWAYS_EMBED_SWIFT_STANDARD_LIBRARIES = YES;
				BUNDLE_LOADER = "$(TEST_HOST)";
				CODE_SIGN_STYLE = Automatic;
				INFOPLIST_FILE = StringFunctionsTests/Info.plist;
				LD_RUNPATH_SEARCH_PATHS = (
					"$(inherited)",
					"@executable_path/Frameworks",
					"@loader_path/Frameworks",
				);
				PRODUCT_BUNDLE_IDENTIFIER = Saxena.StringFunctionsTests;
				PRODUCT_NAME = "$(TARGET_NAME)";
				SWIFT_VERSION = 4.0;
				TARGETED_DEVICE_FAMILY = "1,2";
				TEST_HOST = "$(BUILT_PRODUCTS_DIR)/StringFunctions.app/StringFunctions";
			};
			name = Release;
		};
		E1077A3E20AB24E900FFE387 /* Debug */ = {
			isa = XCBuildConfiguration;
			buildSettings = {
				ALWAYS_EMBED_SWIFT_STANDARD_LIBRARIES = YES;
				CODE_SIGN_STYLE = Automatic;
				INFOPLIST_FILE = StringFunctionsUITests/Info.plist;
				LD_RUNPATH_SEARCH_PATHS = (
					"$(inherited)",
					"@executable_path/Frameworks",
					"@loader_path/Frameworks",
				);
				PRODUCT_BUNDLE_IDENTIFIER = Saxena.StringFunctionsUITests;
				PRODUCT_NAME = "$(TARGET_NAME)";
				SWIFT_VERSION = 4.0;
				TARGETED_DEVICE_FAMILY = "1,2";
				TEST_TARGET_NAME = StringFunctions;
			};
			name = Debug;
		};
		E1077A3F20AB24E900FFE387 /* Release */ = {
			isa = XCBuildConfiguration;
			buildSettings = {
				ALWAYS_EMBED_SWIFT_STANDARD_LIBRARIES = YES;
				CODE_SIGN_STYLE = Automatic;
				INFOPLIST_FILE = StringFunctionsUITests/Info.plist;
				LD_RUNPATH_SEARCH_PATHS = (
					"$(inherited)",
					"@executable_path/Frameworks",
					"@loader_path/Frameworks",
				);
				PRODUCT_BUNDLE_IDENTIFIER = Saxena.StringFunctionsUITests;
				PRODUCT_NAME = "$(TARGET_NAME)";
				SWIFT_VERSION = 4.0;
				TARGETED_DEVICE_FAMILY = "1,2";
				TEST_TARGET_NAME = StringFunctions;
			};
			name = Release;
		};
/* End XCBuildConfiguration section */

/* Begin XCConfigurationList section */
		E1077A0A20AB24E700FFE387 /* Build configuration list for PBXProject "StringFunctions" */ = {
			isa = XCConfigurationList;
			buildConfigurations = (
				E1077A3520AB24E900FFE387 /* Debug */,
				E1077A3620AB24E900FFE387 /* Release */,
			);
			defaultConfigurationIsVisible = 0;
			defaultConfigurationName = Release;
		};
		E1077A3720AB24E900FFE387 /* Build configuration list for PBXNativeTarget "StringFunctions" */ = {
			isa = XCConfigurationList;
			buildConfigurations = (
				E1077A3820AB24E900FFE387 /* Debug */,
				E1077A3920AB24E900FFE387 /* Release */,
			);
			defaultConfigurationIsVisible = 0;
			defaultConfigurationName = Release;
		};
		E1077A3A20AB24E900FFE387 /* Build configuration list for PBXNativeTarget "StringFunctionsTests" */ = {
			isa = XCConfigurationList;
			buildConfigurations = (
				E1077A3B20AB24E900FFE387 /* Debug */,
				E1077A3C20AB24E900FFE387 /* Release */,
			);
			defaultConfigurationIsVisible = 0;
			defaultConfigurationName = Release;
		};
		E1077A3D20AB24E900FFE387 /* Build configuration list for PBXNativeTarget "StringFunctionsUITests" */ = {
			isa = XCConfigurationList;
			buildConfigurations = (
				E1077A3E20AB24E900FFE387 /* Debug */,
				E1077A3F20AB24E900FFE387 /* Release */,
			);
			defaultConfigurationIsVisible = 0;
			defaultConfigurationName = Release;
		};
/* End XCConfigurationList section */
	};
	rootObject = E1077A0720AB24E700FFE387 /* Project object */;
}
